// !$*UTF8*$!
{
	archiveVersion = 1;
	classes = {
	};
	objectVersion = 56;
	objects = {

/* Begin PBXBuildFile section */
		3661AA3B2CAD4DF000410721 /* TrainingBasketBallApp.swift in Sources */ = {isa = PBXBuildFile; fileRef = 3661AA3A2CAD4DF000410721 /* TrainingBasketBallApp.swift */; };
		3661AA3D2CAD4DF000410721 /* ContentView.swift in Sources */ = {isa = PBXBuildFile; fileRef = 3661AA3C2CAD4DF000410721 /* ContentView.swift */; };
		3661AA3F2CAD4DF100410721 /* Assets.xcassets in Resources */ = {isa = PBXBuildFile; fileRef = 3661AA3E2CAD4DF100410721 /* Assets.xcassets */; };
		3661AA432CAD4DF100410721 /* Preview Assets.xcassets in Resources */ = {isa = PBXBuildFile; fileRef = 3661AA422CAD4DF100410721 /* Preview Assets.xcassets */; };
		3661AA4D2CAD4DF200410721 /* TrainingBasketBallTests.swift in Sources */ = {isa = PBXBuildFile; fileRef = 3661AA4C2CAD4DF200410721 /* TrainingBasketBallTests.swift */; };
		3661AA572CAD4DF200410721 /* TrainingBasketBallUITests.swift in Sources */ = {isa = PBXBuildFile; fileRef = 3661AA562CAD4DF200410721 /* TrainingBasketBallUITests.swift */; };
		3661AA592CAD4DF200410721 /* TrainingBasketBallUITestsLaunchTests.swift in Sources */ = {isa = PBXBuildFile; fileRef = 3661AA582CAD4DF200410721 /* TrainingBasketBallUITestsLaunchTests.swift */; };
/* End PBXBuildFile section */

/* Begin PBXContainerItemProxy section */
		3661AA492CAD4DF200410721 /* PBXContainerItemProxy */ = {
			isa = PBXContainerItemProxy;
			containerPortal = 3661AA2F2CAD4DF000410721 /* Project object */;
			proxyType = 1;
			remoteGlobalIDString = 3661AA362CAD4DF000410721;
			remoteInfo = TrainingBasketBall;
		};
		3661AA532CAD4DF200410721 /* PBXContainerItemProxy */ = {
			isa = PBXContainerItemProxy;
			containerPortal = 3661AA2F2CAD4DF000410721 /* Project object */;
			proxyType = 1;
			remoteGlobalIDString = 3661AA362CAD4DF000410721;
			remoteInfo = TrainingBasketBall;
		};
/* End PBXContainerItemProxy section */

/* Begin PBXFileReference section */
		3661AA372CAD4DF000410721 /* TrainingBasketBall.app */ = {isa = PBXFileReference; explicitFileType = wrapper.application; includeInIndex = 0; path = TrainingBasketBall.app; sourceTree = BUILT_PRODUCTS_DIR; };
		3661AA3A2CAD4DF000410721 /* TrainingBasketBallApp.swift */ = {isa = PBXFileReference; lastKnownFileType = sourcecode.swift; path = TrainingBasketBallApp.swift; sourceTree = "<group>"; };
		3661AA3C2CAD4DF000410721 /* ContentView.swift */ = {isa = PBXFileReference; lastKnownFileType = sourcecode.swift; path = ContentView.swift; sourceTree = "<group>"; };
		3661AA3E2CAD4DF100410721 /* Assets.xcassets */ = {isa = PBXFileReference; lastKnownFileType = folder.assetcatalog; path = Assets.xcassets; sourceTree = "<group>"; };
		3661AA402CAD4DF100410721 /* TrainingBasketBall.entitlements */ = {isa = PBXFileReference; lastKnownFileType = text.plist.entitlements; path = TrainingBasketBall.entitlements; sourceTree = "<group>"; };
		3661AA422CAD4DF100410721 /* Preview Assets.xcassets */ = {isa = PBXFileReference; lastKnownFileType = folder.assetcatalog; path = "Preview Assets.xcassets"; sourceTree = "<group>"; };
		3661AA482CAD4DF200410721 /* TrainingBasketBallTests.xctest */ = {isa = PBXFileReference; explicitFileType = wrapper.cfbundle; includeInIndex = 0; path = TrainingBasketBallTests.xctest; sourceTree = BUILT_PRODUCTS_DIR; };
		3661AA4C2CAD4DF200410721 /* TrainingBasketBallTests.swift */ = {isa = PBXFileReference; lastKnownFileType = sourcecode.swift; path = TrainingBasketBallTests.swift; sourceTree = "<group>"; };
		3661AA522CAD4DF200410721 /* TrainingBasketBallUITests.xctest */ = {isa = PBXFileReference; explicitFileType = wrapper.cfbundle; includeInIndex = 0; path = TrainingBasketBallUITests.xctest; sourceTree = BUILT_PRODUCTS_DIR; };
		3661AA562CAD4DF200410721 /* TrainingBasketBallUITests.swift */ = {isa = PBXFileReference; lastKnownFileType = sourcecode.swift; path = TrainingBasketBallUITests.swift; sourceTree = "<group>"; };
		3661AA582CAD4DF200410721 /* TrainingBasketBallUITestsLaunchTests.swift */ = {isa = PBXFileReference; lastKnownFileType = sourcecode.swift; path = TrainingBasketBallUITestsLaunchTests.swift; sourceTree = "<group>"; };
/* End PBXFileReference section */

/* Begin PBXFrameworksBuildPhase section */
		3661AA342CAD4DF000410721 /* Frameworks */ = {
			isa = PBXFrameworksBuildPhase;
			buildActionMask = 2147483647;
			files = (
			);
			runOnlyForDeploymentPostprocessing = 0;
		};
		3661AA452CAD4DF200410721 /* Frameworks */ = {
			isa = PBXFrameworksBuildPhase;
			buildActionMask = 2147483647;
			files = (
			);
			runOnlyForDeploymentPostprocessing = 0;
		};
		3661AA4F2CAD4DF200410721 /* Frameworks */ = {
			isa = PBXFrameworksBuildPhase;
			buildActionMask = 2147483647;
			files = (
			);
			runOnlyForDeploymentPostprocessing = 0;
		};
/* End PBXFrameworksBuildPhase section */

/* Begin PBXGroup section */
		3661AA2E2CAD4DF000410721 = {
			isa = PBXGroup;
			children = (
				3661AA392CAD4DF000410721 /* TrainingBasketBall */,
				3661AA4B2CAD4DF200410721 /* TrainingBasketBallTests */,
				3661AA552CAD4DF200410721 /* TrainingBasketBallUITests */,
				3661AA382CAD4DF000410721 /* Products */,
			);
			sourceTree = "<group>";
		};
		3661AA382CAD4DF000410721 /* Products */ = {
			isa = PBXGroup;
			children = (
				3661AA372CAD4DF000410721 /* TrainingBasketBall.app */,
				3661AA482CAD4DF200410721 /* TrainingBasketBallTests.xctest */,
				3661AA522CAD4DF200410721 /* TrainingBasketBallUITests.xctest */,
			);
			name = Products;
			sourceTree = "<group>";
		};
		3661AA392CAD4DF000410721 /* TrainingBasketBall */ = {
			isa = PBXGroup;
			children = (
				3661AA3A2CAD4DF000410721 /* TrainingBasketBallApp.swift */,
				3661AA3C2CAD4DF000410721 /* ContentView.swift */,
				3661AA3E2CAD4DF100410721 /* Assets.xcassets */,
				3661AA402CAD4DF100410721 /* TrainingBasketBall.entitlements */,
				3661AA412CAD4DF100410721 /* Preview Content */,
			);
			path = TrainingBasketBall;
			sourceTree = "<group>";
		};
		3661AA412CAD4DF100410721 /* Preview Content */ = {
			isa = PBXGroup;
			children = (
				3661AA422CAD4DF100410721 /* Preview Assets.xcassets */,
			);
			path = "Preview Content";
			sourceTree = "<group>";
		};
		3661AA4B2CAD4DF200410721 /* TrainingBasketBallTests */ = {
			isa = PBXGroup;
			children = (
				3661AA4C2CAD4DF200410721 /* TrainingBasketBallTests.swift */,
			);
			path = TrainingBasketBallTests;
			sourceTree = "<group>";
		};
		3661AA552CAD4DF200410721 /* TrainingBasketBallUITests */ = {
			isa = PBXGroup;
			children = (
				3661AA562CAD4DF200410721 /* TrainingBasketBallUITests.swift */,
				3661AA582CAD4DF200410721 /* TrainingBasketBallUITestsLaunchTests.swift */,
			);
			path = TrainingBasketBallUITests;
			sourceTree = "<group>";
		};
/* End PBXGroup section */

/* Begin PBXNativeTarget section */
		3661AA362CAD4DF000410721 /* TrainingBasketBall */ = {
			isa = PBXNativeTarget;
			buildConfigurationList = 3661AA5C2CAD4DF200410721 /* Build configuration list for PBXNativeTarget "TrainingBasketBall" */;
			buildPhases = (
				3661AA332CAD4DF000410721 /* Sources */,
				3661AA342CAD4DF000410721 /* Frameworks */,
				3661AA352CAD4DF000410721 /* Resources */,
			);
			buildRules = (
			);
			dependencies = (
			);
			name = TrainingBasketBall;
			productName = TrainingBasketBall;
			productReference = 3661AA372CAD4DF000410721 /* TrainingBasketBall.app */;
			productType = "com.apple.product-type.application";
		};
		3661AA472CAD4DF200410721 /* TrainingBasketBallTests */ = {
			isa = PBXNativeTarget;
			buildConfigurationList = 3661AA5F2CAD4DF200410721 /* Build configuration list for PBXNativeTarget "TrainingBasketBallTests" */;
			buildPhases = (
				3661AA442CAD4DF200410721 /* Sources */,
				3661AA452CAD4DF200410721 /* Frameworks */,
				3661AA462CAD4DF200410721 /* Resources */,
			);
			buildRules = (
			);
			dependencies = (
				3661AA4A2CAD4DF200410721 /* PBXTargetDependency */,
			);
			name = TrainingBasketBallTests;
			productName = TrainingBasketBallTests;
			productReference = 3661AA482CAD4DF200410721 /* TrainingBasketBallTests.xctest */;
			productType = "com.apple.product-type.bundle.unit-test";
		};
		3661AA512CAD4DF200410721 /* TrainingBasketBallUITests */ = {
			isa = PBXNativeTarget;
			buildConfigurationList = 3661AA622CAD4DF200410721 /* Build configuration list for PBXNativeTarget "TrainingBasketBallUITests" */;
			buildPhases = (
				3661AA4E2CAD4DF200410721 /* Sources */,
				3661AA4F2CAD4DF200410721 /* Frameworks */,
				3661AA502CAD4DF200410721 /* Resources */,
			);
			buildRules = (
			);
			dependencies = (
				3661AA542CAD4DF200410721 /* PBXTargetDependency */,
			);
			name = TrainingBasketBallUITests;
			productName = TrainingBasketBallUITests;
			productReference = 3661AA522CAD4DF200410721 /* TrainingBasketBallUITests.xctest */;
			productType = "com.apple.product-type.bundle.ui-testing";
		};
/* End PBXNativeTarget section */

/* Begin PBXProject section */
		3661AA2F2CAD4DF000410721 /* Project object */ = {
			isa = PBXProject;
			attributes = {
				BuildIndependentTargetsInParallel = 1;
				LastSwiftUpdateCheck = 1540;
				LastUpgradeCheck = 1540;
				TargetAttributes = {
					3661AA362CAD4DF000410721 = {
						CreatedOnToolsVersion = 15.4;
					};
					3661AA472CAD4DF200410721 = {
						CreatedOnToolsVersion = 15.4;
						TestTargetID = 3661AA362CAD4DF000410721;
					};
					3661AA512CAD4DF200410721 = {
						CreatedOnToolsVersion = 15.4;
						TestTargetID = 3661AA362CAD4DF000410721;
					};
				};
			};
			buildConfigurationList = 3661AA322CAD4DF000410721 /* Build configuration list for PBXProject "TrainingBasketBall" */;
			compatibilityVersion = "Xcode 14.0";
			developmentRegion = en;
			hasScannedForEncodings = 0;
			knownRegions = (
				en,
				Base,
			);
			mainGroup = 3661AA2E2CAD4DF000410721;
			productRefGroup = 3661AA382CAD4DF000410721 /* Products */;
			projectDirPath = "";
			projectRoot = "";
			targets = (
				3661AA362CAD4DF000410721 /* TrainingBasketBall */,
				3661AA472CAD4DF200410721 /* TrainingBasketBallTests */,
				3661AA512CAD4DF200410721 /* TrainingBasketBallUITests */,
			);
		};
/* End PBXProject section */

/* Begin PBXResourcesBuildPhase section */
		3661AA352CAD4DF000410721 /* Resources */ = {
			isa = PBXResourcesBuildPhase;
			buildActionMask = 2147483647;
			files = (
				3661AA432CAD4DF100410721 /* Preview Assets.xcassets in Resources */,
				3661AA3F2CAD4DF100410721 /* Assets.xcassets in Resources */,
			);
			runOnlyForDeploymentPostprocessing = 0;
		};
		3661AA462CAD4DF200410721 /* Resources */ = {
			isa = PBXResourcesBuildPhase;
			buildActionMask = 2147483647;
			files = (
			);
			runOnlyForDeploymentPostprocessing = 0;
		};
		3661AA502CAD4DF200410721 /* Resources */ = {
			isa = PBXResourcesBuildPhase;
			buildActionMask = 2147483647;
			files = (
			);
			runOnlyForDeploymentPostprocessing = 0;
		};
/* End PBXResourcesBuildPhase section */

/* Begin PBXSourcesBuildPhase section */
		3661AA332CAD4DF000410721 /* Sources */ = {
			isa = PBXSourcesBuildPhase;
			buildActionMask = 2147483647;
			files = (
				3661AA3D2CAD4DF000410721 /* ContentView.swift in Sources */,
				3661AA3B2CAD4DF000410721 /* TrainingBasketBallApp.swift in Sources */,
			);
			runOnlyForDeploymentPostprocessing = 0;
		};
		3661AA442CAD4DF200410721 /* Sources */ = {
			isa = PBXSourcesBuildPhase;
			buildActionMask = 2147483647;
			files = (
				3661AA4D2CAD4DF200410721 /* TrainingBasketBallTests.swift in Sources */,
			);
			runOnlyForDeploymentPostprocessing = 0;
		};
		3661AA4E2CAD4DF200410721 /* Sources */ = {
			isa = PBXSourcesBuildPhase;
			buildActionMask = 2147483647;
			files = (
				3661AA572CAD4DF200410721 /* TrainingBasketBallUITests.swift in Sources */,
				3661AA592CAD4DF200410721 /* TrainingBasketBallUITestsLaunchTests.swift in Sources */,
			);
			runOnlyForDeploymentPostprocessing = 0;
		};
/* End PBXSourcesBuildPhase section */

/* Begin PBXTargetDependency section */
		3661AA4A2CAD4DF200410721 /* PBXTargetDependency */ = {
			isa = PBXTargetDependency;
			target = 3661AA362CAD4DF000410721 /* TrainingBasketBall */;
			targetProxy = 3661AA492CAD4DF200410721 /* PBXContainerItemProxy */;
		};
		3661AA542CAD4DF200410721 /* PBXTargetDependency */ = {
			isa = PBXTargetDependency;
			target = 3661AA362CAD4DF000410721 /* TrainingBasketBall */;
			targetProxy = 3661AA532CAD4DF200410721 /* PBXContainerItemProxy */;
		};
/* End PBXTargetDependency section */

/* Begin XCBuildConfiguration section */
		3661AA5A2CAD4DF200410721 /* Debug */ = {
			isa = XCBuildConfiguration;
			buildSettings = {
				ALWAYS_SEARCH_USER_PATHS = NO;
				ASSETCATALOG_COMPILER_GENERATE_SWIFT_ASSET_SYMBOL_EXTENSIONS = YES;
				CLANG_ANALYZER_NONNULL = YES;
				CLANG_ANALYZER_NUMBER_OBJECT_CONVERSION = YES_AGGRESSIVE;
				CLANG_CXX_LANGUAGE_STANDARD = "gnu++20";
				CLANG_ENABLE_MODULES = YES;
				CLANG_ENABLE_OBJC_ARC = YES;
				CLANG_ENABLE_OBJC_WEAK = YES;
				CLANG_WARN_BLOCK_CAPTURE_AUTORELEASING = YES;
				CLANG_WARN_BOOL_CONVERSION = YES;
				CLANG_WARN_COMMA = YES;
				CLANG_WARN_CONSTANT_CONVERSION = YES;
				CLANG_WARN_DEPRECATED_OBJC_IMPLEMENTATIONS = YES;
				CLANG_WARN_DIRECT_OBJC_ISA_USAGE = YES_ERROR;
				CLANG_WARN_DOCUMENTATION_COMMENTS = YES;
				CLANG_WARN_EMPTY_BODY = YES;
				CLANG_WARN_ENUM_CONVERSION = YES;
				CLANG_WARN_INFINITE_RECURSION = YES;
				CLANG_WARN_INT_CONVERSION = YES;
				CLANG_WARN_NON_LITERAL_NULL_CONVERSION = YES;
				CLANG_WARN_OBJC_IMPLICIT_RETAIN_SELF = YES;
				CLANG_WARN_OBJC_LITERAL_CONVERSION = YES;
				CLANG_WARN_OBJC_ROOT_CLASS = YES_ERROR;
				CLANG_WARN_QUOTED_INCLUDE_IN_FRAMEWORK_HEADER = YES;
				CLANG_WARN_RANGE_LOOP_ANALYSIS = YES;
				CLANG_WARN_STRICT_PROTOTYPES = YES;
				CLANG_WARN_SUSPICIOUS_MOVE = YES;
				CLANG_WARN_UNGUARDED_AVAILABILITY = YES_AGGRESSIVE;
				CLANG_WARN_UNREACHABLE_CODE = YES;
				CLANG_WARN__DUPLICATE_METHOD_MATCH = YES;
				COPY_PHASE_STRIP = NO;
				DEBUG_INFORMATION_FORMAT = dwarf;
				ENABLE_STRICT_OBJC_MSGSEND = YES;
				ENABLE_TESTABILITY = YES;
				ENABLE_USER_SCRIPT_SANDBOXING = YES;
				GCC_C_LANGUAGE_STANDARD = gnu17;
				GCC_DYNAMIC_NO_PIC = NO;
				GCC_NO_COMMON_BLOCKS = YES;
				GCC_OPTIMIZATION_LEVEL = 0;
				GCC_PREPROCESSOR_DEFINITIONS = (
					"DEBUG=1",
					"$(inherited)",
				);
				GCC_WARN_64_TO_32_BIT_CONVERSION = YES;
				GCC_WARN_ABOUT_RETURN_TYPE = YES_ERROR;
				GCC_WARN_UNDECLARED_SELECTOR = YES;
				GCC_WARN_UNINITIALIZED_AUTOS = YES_AGGRESSIVE;
				GCC_WARN_UNUSED_FUNCTION = YES;
				GCC_WARN_UNUSED_VARIABLE = YES;
				LOCALIZATION_PREFERS_STRING_CATALOGS = YES;
				MTL_ENABLE_DEBUG_INFO = INCLUDE_SOURCE;
				MTL_FAST_MATH = YES;
				ONLY_ACTIVE_ARCH = YES;
				SWIFT_ACTIVE_COMPILATION_CONDITIONS = "DEBUG $(inherited)";
				SWIFT_OPTIMIZATION_LEVEL = "-Onone";
			};
			name = Debug;
		};
		3661AA5B2CAD4DF200410721 /* Release */ = {
			isa = XCBuildConfiguration;
			buildSettings = {
				ALWAYS_SEARCH_USER_PATHS = NO;
				ASSETCATALOG_COMPILER_GENERATE_SWIFT_ASSET_SYMBOL_EXTENSIONS = YES;
				CLANG_ANALYZER_NONNULL = YES;
				CLANG_ANALYZER_NUMBER_OBJECT_CONVERSION = YES_AGGRESSIVE;
				CLANG_CXX_LANGUAGE_STANDARD = "gnu++20";
				CLANG_ENABLE_MODULES = YES;
				CLANG_ENABLE_OBJC_ARC = YES;
				CLANG_ENABLE_OBJC_WEAK = YES;
				CLANG_WARN_BLOCK_CAPTURE_AUTORELEASING = YES;
				CLANG_WARN_BOOL_CONVERSION = YES;
				CLANG_WARN_COMMA = YES;
				CLANG_WARN_CONSTANT_CONVERSION = YES;
				CLANG_WARN_DEPRECATED_OBJC_IMPLEMENTATIONS = YES;
				CLANG_WARN_DIRECT_OBJC_ISA_USAGE = YES_ERROR;
				CLANG_WARN_DOCUMENTATION_COMMENTS = YES;
				CLANG_WARN_EMPTY_BODY = YES;
				CLANG_WARN_ENUM_CONVERSION = YES;
				CLANG_WARN_INFINITE_RECURSION = YES;
				CLANG_WARN_INT_CONVERSION = YES;
				CLANG_WARN_NON_LITERAL_NULL_CONVERSION = YES;
				CLANG_WARN_OBJC_IMPLICIT_RETAIN_SELF = YES;
				CLANG_WARN_OBJC_LITERAL_CONVERSION = YES;
				CLANG_WARN_OBJC_ROOT_CLASS = YES_ERROR;
				CLANG_WARN_QUOTED_INCLUDE_IN_FRAMEWORK_HEADER = YES;
				CLANG_WARN_RANGE_LOOP_ANALYSIS = YES;
				CLANG_WARN_STRICT_PROTOTYPES = YES;
				CLANG_WARN_SUSPICIOUS_MOVE = YES;
				CLANG_WARN_UNGUARDED_AVAILABILITY = YES_AGGRESSIVE;
				CLANG_WARN_UNREACHABLE_CODE = YES;
				CLANG_WARN__DUPLICATE_METHOD_MATCH = YES;
				COPY_PHASE_STRIP = NO;
				DEBUG_INFORMATION_FORMAT = "dwarf-with-dsym";
				ENABLE_NS_ASSERTIONS = NO;
				ENABLE_STRICT_OBJC_MSGSEND = YES;
				ENABLE_USER_SCRIPT_SANDBOXING = YES;
				GCC_C_LANGUAGE_STANDARD = gnu17;
				GCC_NO_COMMON_BLOCKS = YES;
				GCC_WARN_64_TO_32_BIT_CONVERSION = YES;
				GCC_WARN_ABOUT_RETURN_TYPE = YES_ERROR;
				GCC_WARN_UNDECLARED_SELECTOR = YES;
				GCC_WARN_UNINITIALIZED_AUTOS = YES_AGGRESSIVE;
				GCC_WARN_UNUSED_FUNCTION = YES;
				GCC_WARN_UNUSED_VARIABLE = YES;
				LOCALIZATION_PREFERS_STRING_CATALOGS = YES;
				MTL_ENABLE_DEBUG_INFO = NO;
				MTL_FAST_MATH = YES;
				SWIFT_COMPILATION_MODE = wholemodule;
			};
			name = Release;
		};
		3661AA5D2CAD4DF200410721 /* Debug */ = {
			isa = XCBuildConfiguration;
			buildSettings = {
				ASSETCATALOG_COMPILER_APPICON_NAME = AppIcon;
				ASSETCATALOG_COMPILER_GLOBAL_ACCENT_COLOR_NAME = AccentColor;
				CODE_SIGN_ENTITLEMENTS = TrainingBasketBall/TrainingBasketBall.entitlements;
				CODE_SIGN_STYLE = Automatic;
				CURRENT_PROJECT_VERSION = 1;
				DEVELOPMENT_ASSET_PATHS = "\"TrainingBasketBall/Preview Content\"";
				DEVELOPMENT_TEAM = D5VQ42K92C;
				ENABLE_HARDENED_RUNTIME = YES;
				ENABLE_PREVIEWS = YES;
				GENERATE_INFOPLIST_FILE = YES;
				"INFOPLIST_KEY_UIApplicationSceneManifest_Generation[sdk=iphoneos*]" = YES;
				"INFOPLIST_KEY_UIApplicationSceneManifest_Generation[sdk=iphonesimulator*]" = YES;
				"INFOPLIST_KEY_UIApplicationSupportsIndirectInputEvents[sdk=iphoneos*]" = YES;
				"INFOPLIST_KEY_UIApplicationSupportsIndirectInputEvents[sdk=iphonesimulator*]" = YES;
				"INFOPLIST_KEY_UILaunchScreen_Generation[sdk=iphoneos*]" = YES;
				"INFOPLIST_KEY_UILaunchScreen_Generation[sdk=iphonesimulator*]" = YES;
				"INFOPLIST_KEY_UIStatusBarStyle[sdk=iphoneos*]" = UIStatusBarStyleDefault;
				"INFOPLIST_KEY_UIStatusBarStyle[sdk=iphonesimulator*]" = UIStatusBarStyleDefault;
				INFOPLIST_KEY_UISupportedInterfaceOrientations_iPad = "UIInterfaceOrientationPortrait UIInterfaceOrientationPortraitUpsideDown UIInterfaceOrientationLandscapeLeft UIInterfaceOrientationLandscapeRight";
				INFOPLIST_KEY_UISupportedInterfaceOrientations_iPhone = "UIInterfaceOrientationPortrait UIInterfaceOrientationLandscapeLeft UIInterfaceOrientationLandscapeRight";
				IPHONEOS_DEPLOYMENT_TARGET = 17.5;
				LD_RUNPATH_SEARCH_PATHS = "@executable_path/Frameworks";
				"LD_RUNPATH_SEARCH_PATHS[sdk=macosx*]" = "@executable_path/../Frameworks";
				MACOSX_DEPLOYMENT_TARGET = 14.5;
				MARKETING_VERSION = 1.0;
				PRODUCT_BUNDLE_IDENTIFIER = com.trainingBasketBall.TrainingBasketBall;
				PRODUCT_NAME = "$(TARGET_NAME)";
				SDKROOT = auto;
				SUPPORTED_PLATFORMS = "iphoneos iphonesimulator macosx";
				SWIFT_EMIT_LOC_STRINGS = YES;
				SWIFT_VERSION = 5.0;
				TARGETED_DEVICE_FAMILY = "1,2";
			};
			name = Debug;
		};
		3661AA5E2CAD4DF200410721 /* Release */ = {
			isa = XCBuildConfiguration;
			buildSettings = {
				ASSETCATALOG_COMPILER_APPICON_NAME = AppIcon;
				ASSETCATALOG_COMPILER_GLOBAL_ACCENT_COLOR_NAME = AccentColor;
				CODE_SIGN_ENTITLEMENTS = TrainingBasketBall/TrainingBasketBall.entitlements;
				CODE_SIGN_STYLE = Automatic;
				CURRENT_PROJECT_VERSION = 1;
				DEVELOPMENT_ASSET_PATHS = "\"TrainingBasketBall/Preview Content\"";
				DEVELOPMENT_TEAM = D5VQ42K92C;
				ENABLE_HARDENED_RUNTIME = YES;
				ENABLE_PREVIEWS = YES;
				GENERATE_INFOPLIST_FILE = YES;
				"INFOPLIST_KEY_UIApplicationSceneManifest_Generation[sdk=iphoneos*]" = YES;
				"INFOPLIST_KEY_UIApplicationSceneManifest_Generation[sdk=iphonesimulator*]" = YES;
				"INFOPLIST_KEY_UIApplicationSupportsIndirectInputEvents[sdk=iphoneos*]" = YES;
				"INFOPLIST_KEY_UIApplicationSupportsIndirectInputEvents[sdk=iphonesimulator*]" = YES;
				"INFOPLIST_KEY_UILaunchScreen_Generation[sdk=iphoneos*]" = YES;
				"INFOPLIST_KEY_UILaunchScreen_Generation[sdk=iphonesimulator*]" = YES;
				"INFOPLIST_KEY_UIStatusBarStyle[sdk=iphoneos*]" = UIStatusBarStyleDefault;
				"INFOPLIST_KEY_UIStatusBarStyle[sdk=iphonesimulator*]" = UIStatusBarStyleDefault;
				INFOPLIST_KEY_UISupportedInterfaceOrientations_iPad = "UIInterfaceOrientationPortrait UIInterfaceOrientationPortraitUpsideDown UIInterfaceOrientationLandscapeLeft UIInterfaceOrientationLandscapeRight";
				INFOPLIST_KEY_UISupportedInterfaceOrientations_iPhone = "UIInterfaceOrientationPortrait UIInterfaceOrientationLandscapeLeft UIInterfaceOrientationLandscapeRight";
				IPHONEOS_DEPLOYMENT_TARGET = 17.5;
				LD_RUNPATH_SEARCH_PATHS = "@executable_path/Frameworks";
				"LD_RUNPATH_SEARCH_PATHS[sdk=macosx*]" = "@executable_path/../Frameworks";
				MACOSX_DEPLOYMENT_TARGET = 14.5;
				MARKETING_VERSION = 1.0;
				PRODUCT_BUNDLE_IDENTIFIER = com.trainingBasketBall.TrainingBasketBall;
				PRODUCT_NAME = "$(TARGET_NAME)";
				SDKROOT = auto;
				SUPPORTED_PLATFORMS = "iphoneos iphonesimulator macosx";
				SWIFT_EMIT_LOC_STRINGS = YES;
				SWIFT_VERSION = 5.0;
				TARGETED_DEVICE_FAMILY = "1,2";
			};
			name = Release;
		};
		3661AA602CAD4DF200410721 /* Debug */ = {
			isa = XCBuildConfiguration;
			buildSettings = {
				ALWAYS_EMBED_SWIFT_STANDARD_LIBRARIES = YES;
				BUNDLE_LOADER = "$(TEST_HOST)";
				CODE_SIGN_STYLE = Automatic;
				CURRENT_PROJECT_VERSION = 1;
				DEVELOPMENT_TEAM = D5VQ42K92C;
				GENERATE_INFOPLIST_FILE = YES;
				IPHONEOS_DEPLOYMENT_TARGET = 17.5;
				MACOSX_DEPLOYMENT_TARGET = 14.5;
				MARKETING_VERSION = 1.0;
				PRODUCT_BUNDLE_IDENTIFIER = com.trainingBasketBall.TrainingBasketBallTests;
				PRODUCT_NAME = "$(TARGET_NAME)";
				SDKROOT = auto;
				SUPPORTED_PLATFORMS = "iphoneos iphonesimulator macosx";
				SWIFT_EMIT_LOC_STRINGS = NO;
				SWIFT_VERSION = 5.0;
				TARGETED_DEVICE_FAMILY = "1,2";
				TEST_HOST = "$(BUILT_PRODUCTS_DIR)/TrainingBasketBall.app/$(BUNDLE_EXECUTABLE_FOLDER_PATH)/TrainingBasketBall";
			};
			name = Debug;
		};
		3661AA612CAD4DF200410721 /* Release */ = {
			isa = XCBuildConfiguration;
			buildSettings = {
				ALWAYS_EMBED_SWIFT_STANDARD_LIBRARIES = YES;
				BUNDLE_LOADER = "$(TEST_HOST)";
				CODE_SIGN_STYLE = Automatic;
				CURRENT_PROJECT_VERSION = 1;
				DEVELOPMENT_TEAM = D5VQ42K92C;
				GENERATE_INFOPLIST_FILE = YES;
				IPHONEOS_DEPLOYMENT_TARGET = 17.5;
				MACOSX_DEPLOYMENT_TARGET = 14.5;
				MARKETING_VERSION = 1.0;
				PRODUCT_BUNDLE_IDENTIFIER = com.trainingBasketBall.TrainingBasketBallTests;
				PRODUCT_NAME = "$(TARGET_NAME)";
				SDKROOT = auto;
				SUPPORTED_PLATFORMS = "iphoneos iphonesimulator macosx";
				SWIFT_EMIT_LOC_STRINGS = NO;
				SWIFT_VERSION = 5.0;
				TARGETED_DEVICE_FAMILY = "1,2";
				TEST_HOST = "$(BUILT_PRODUCTS_DIR)/TrainingBasketBall.app/$(BUNDLE_EXECUTABLE_FOLDER_PATH)/TrainingBasketBall";
			};
			name = Release;
		};
		3661AA632CAD4DF200410721 /* Debug */ = {
			isa = XCBuildConfiguration;
			buildSettings = {
				ALWAYS_EMBED_SWIFT_STANDARD_LIBRARIES = YES;
				CODE_SIGN_STYLE = Automatic;
				CURRENT_PROJECT_VERSION = 1;
				DEVELOPMENT_TEAM = D5VQ42K92C;
				GENERATE_INFOPLIST_FILE = YES;
				IPHONEOS_DEPLOYMENT_TARGET = 17.5;
				MACOSX_DEPLOYMENT_TARGET = 14.5;
				MARKETING_VERSION = 1.0;
				PRODUCT_BUNDLE_IDENTIFIER = com.trainingBasketBall.TrainingBasketBallUITests;
				PRODUCT_NAME = "$(TARGET_NAME)";
				SDKROOT = auto;
				SUPPORTED_PLATFORMS = "iphoneos iphonesimulator macosx";
				SWIFT_EMIT_LOC_STRINGS = NO;
				SWIFT_VERSION = 5.0;
				TARGETED_DEVICE_FAMILY = "1,2";
				TEST_TARGET_NAME = TrainingBasketBall;
			};
			name = Debug;
		};
		3661AA642CAD4DF200410721 /* Release */ = {
			isa = XCBuildConfiguration;
			buildSettings = {
				ALWAYS_EMBED_SWIFT_STANDARD_LIBRARIES = YES;
				CODE_SIGN_STYLE = Automatic;
				CURRENT_PROJECT_VERSION = 1;
				DEVELOPMENT_TEAM = D5VQ42K92C;
				GENERATE_INFOPLIST_FILE = YES;
				IPHONEOS_DEPLOYMENT_TARGET = 17.5;
				MACOSX_DEPLOYMENT_TARGET = 14.5;
				MARKETING_VERSION = 1.0;
				PRODUCT_BUNDLE_IDENTIFIER = com.trainingBasketBall.TrainingBasketBallUITests;
				PRODUCT_NAME = "$(TARGET_NAME)";
				SDKROOT = auto;
				SUPPORTED_PLATFORMS = "iphoneos iphonesimulator macosx";
				SWIFT_EMIT_LOC_STRINGS = NO;
				SWIFT_VERSION = 5.0;
				TARGETED_DEVICE_FAMILY = "1,2";
				TEST_TARGET_NAME = TrainingBasketBall;
			};
			name = Release;
		};
/* End XCBuildConfiguration section */

/* Begin XCConfigurationList section */
		3661AA322CAD4DF000410721 /* Build configuration list for PBXProject "TrainingBasketBall" */ = {
			isa = XCConfigurationList;
			buildConfigurations = (
				3661AA5A2CAD4DF200410721 /* Debug */,
				3661AA5B2CAD4DF200410721 /* Release */,
			);
			defaultConfigurationIsVisible = 0;
			defaultConfigurationName = Release;
		};
		3661AA5C2CAD4DF200410721 /* Build configuration list for PBXNativeTarget "TrainingBasketBall" */ = {
			isa = XCConfigurationList;
			buildConfigurations = (
				3661AA5D2CAD4DF200410721 /* Debug */,
				3661AA5E2CAD4DF200410721 /* Release */,
			);
			defaultConfigurationIsVisible = 0;
			defaultConfigurationName = Release;
		};
		3661AA5F2CAD4DF200410721 /* Build configuration list for PBXNativeTarget "TrainingBasketBallTests" */ = {
			isa = XCConfigurationList;
			buildConfigurations = (
				3661AA602CAD4DF200410721 /* Debug */,
				3661AA612CAD4DF200410721 /* Release */,
			);
			defaultConfigurationIsVisible = 0;
			defaultConfigurationName = Release;
		};
		3661AA622CAD4DF200410721 /* Build configuration list for PBXNativeTarget "TrainingBasketBallUITests" */ = {
			isa = XCConfigurationList;
			buildConfigurations = (
				3661AA632CAD4DF200410721 /* Debug */,
				3661AA642CAD4DF200410721 /* Release */,
			);
			defaultConfigurationIsVisible = 0;
			defaultConfigurationName = Release;
		};
/* End XCConfigurationList section */
	};
	rootObject = 3661AA2F2CAD4DF000410721 /* Project object */;
}
